
Microsoft Visual Studio Solution File, Format Version 12.00
# Visual Studio Version 17
VisualStudioVersion = 17.4.33103.184
MinimumVisualStudioVersion = 10.0.40219.1
Project("{FAE04EC0-301F-11D3-BF4B-00C04F79EFBC}") = "Spg.BowlingCalculator.Game", "Spg.BowlingCalculator.Game\Spg.BowlingCalculator.Game.csproj", "{EAC14405-38F9-4080-8C01-71C03AC6C19F}"
EndProject
Project("{FAE04EC0-301F-11D3-BF4B-00C04F79EFBC}") = "Spg.BowlingCalculator.GameTest", "Spg.BowlingCalculator.GameTest\Spg.BowlingCalculator.GameTest.csproj", "{8F7D18AA-7397-4066-9B8D-8C07A9ECCAD9}"
EndProject
Global
	GlobalSection(SolutionConfigurationPlatforms) = preSolution
		Debug|Any CPU = Debug|Any CPU
		Release|Any CPU = Release|Any CPU
	EndGlobalSection
	GlobalSection(ProjectConfigurationPlatforms) = postSolution
		{EAC14405-38F9-4080-8C01-71C03AC6C19F}.Debug|Any CPU.ActiveCfg = Debug|Any CPU
		{EAC14405-38F9-4080-8C01-71C03AC6C19F}.Debug|Any CPU.Build.0 = Debug|Any CPU
		{EAC14405-38F9-4080-8C01-71C03AC6C19F}.Release|Any CPU.ActiveCfg = Release|Any CPU
		{EAC14405-38F9-4080-8C01-71C03AC6C19F}.Release|Any CPU.Build.0 = Release|Any CPU
		{8F7D18AA-7397-4066-9B8D-8C07A9ECCAD9}.Debug|Any CPU.ActiveCfg = Debug|Any CPU
		{8F7D18AA-7397-4066-9B8D-8C07A9ECCAD9}.Debug|Any CPU.Build.0 = Debug|Any CPU
		{8F7D18AA-7397-4066-9B8D-8C07A9ECCAD9}.Release|Any CPU.ActiveCfg = Release|Any CPU
		{8F7D18AA-7397-4066-9B8D-8C07A9ECCAD9}.Release|Any CPU.Build.0 = Release|Any CPU
	EndGlobalSection
	GlobalSection(SolutionProperties) = preSolution
		HideSolutionNode = FALSE
	EndGlobalSection
	GlobalSection(ExtensibilityGlobals) = postSolution
		SolutionGuid = {C646D061-A592-43E5-9AB8-9B8B04E8D1CC}
	EndGlobalSection
EndGlobal
