
Microsoft Visual Studio Solution File, Format Version 12.00
# Visual Studio Version 16
VisualStudioVersion = 16.0.30114.105
MinimumVisualStudioVersion = 10.0.40219.1
Project("{FAE04EC0-301F-11D3-BF4B-00C04F79EFBC}") = "Spg.ValueTypesExercise.App", "Spg.ValueTypesExercise.App\Spg.ValueTypesExercise.App.csproj", "{4FBBD205-B3AC-41F3-84EA-3BA15D74F715}"
EndProject
Global
	GlobalSection(SolutionConfigurationPlatforms) = preSolution
		Debug|Any CPU = Debug|Any CPU
		Release|Any CPU = Release|Any CPU
	EndGlobalSection
	GlobalSection(SolutionProperties) = preSolution
		HideSolutionNode = FALSE
	EndGlobalSection
	GlobalSection(ProjectConfigurationPlatforms) = postSolution
		{09DA3C9F-2EF6-446F-A565-F7F906052093}.Debug|Any CPU.ActiveCfg = Debug|Any CPU
		{09DA3C9F-2EF6-446F-A565-F7F906052093}.Debug|Any CPU.Build.0 = Debug|Any CPU
		{09DA3C9F-2EF6-446F-A565-F7F906052093}.Release|Any CPU.ActiveCfg = Release|Any CPU
		{09DA3C9F-2EF6-446F-A565-F7F906052093}.Release|Any CPU.Build.0 = Release|Any CPU
		{4FBBD205-B3AC-41F3-84EA-3BA15D74F715}.Debug|Any CPU.ActiveCfg = Debug|Any CPU
		{4FBBD205-B3AC-41F3-84EA-3BA15D74F715}.Debug|Any CPU.Build.0 = Debug|Any CPU
		{4FBBD205-B3AC-41F3-84EA-3BA15D74F715}.Release|Any CPU.ActiveCfg = Release|Any CPU
		{4FBBD205-B3AC-41F3-84EA-3BA15D74F715}.Release|Any CPU.Build.0 = Release|Any CPU
	EndGlobalSection
EndGlobal
